
Microsoft Visual Studio Solution File, Format Version 12.00
# Visual Studio Version 17
VisualStudioVersion = 17.4.33103.184
MinimumVisualStudioVersion = 10.0.40219.1
Project("{9A19103F-16F7-4668-BE54-9A1E7A4F7556}") = "SqliteDna", "SqliteDna\SqliteDna.csproj", "{39AE1DA5-EFD6-49AD-B899-EFE41B3FAA96}"
EndProject
Project("{9A19103F-16F7-4668-BE54-9A1E7A4F7556}") = "TestDNNE", "TestDNNE\TestDNNE.csproj", "{C1B43102-9652-4B3F-BB3D-CCE91B11DCD9}"
EndProject
Project("{9A19103F-16F7-4668-BE54-9A1E7A4F7556}") = "SqliteDna.SourceGenerator", "SqliteDna.SourceGenerator\SqliteDna.SourceGenerator.csproj", "{150F6BD9-B588-4B29-8436-DE56929A3F0B}"
EndProject
Project("{FAE04EC0-301F-11D3-BF4B-00C04F79EFBC}") = "SqliteDna.Integration", "SqliteDna.Integration\SqliteDna.Integration.csproj", "{C3C2E460-5397-4483-A2CE-E50D28B759E1}"
EndProject
Global
	GlobalSection(SolutionConfigurationPlatforms) = preSolution
		Debug|Any CPU = Debug|Any CPU
		Release|Any CPU = Release|Any CPU
	EndGlobalSection
	GlobalSection(ProjectConfigurationPlatforms) = postSolution
		{39AE1DA5-EFD6-49AD-B899-EFE41B3FAA96}.Debug|Any CPU.ActiveCfg = Debug|Any CPU
		{39AE1DA5-EFD6-49AD-B899-EFE41B3FAA96}.Debug|Any CPU.Build.0 = Debug|Any CPU
		{39AE1DA5-EFD6-49AD-B899-EFE41B3FAA96}.Release|Any CPU.ActiveCfg = Release|Any CPU
		{39AE1DA5-EFD6-49AD-B899-EFE41B3FAA96}.Release|Any CPU.Build.0 = Release|Any CPU
		{C1B43102-9652-4B3F-BB3D-CCE91B11DCD9}.Debug|Any CPU.ActiveCfg = Debug|Any CPU
		{C1B43102-9652-4B3F-BB3D-CCE91B11DCD9}.Debug|Any CPU.Build.0 = Debug|Any CPU
		{C1B43102-9652-4B3F-BB3D-CCE91B11DCD9}.Release|Any CPU.ActiveCfg = Release|Any CPU
		{C1B43102-9652-4B3F-BB3D-CCE91B11DCD9}.Release|Any CPU.Build.0 = Release|Any CPU
		{150F6BD9-B588-4B29-8436-DE56929A3F0B}.Debug|Any CPU.ActiveCfg = Debug|Any CPU
		{150F6BD9-B588-4B29-8436-DE56929A3F0B}.Debug|Any CPU.Build.0 = Debug|Any CPU
		{150F6BD9-B588-4B29-8436-DE56929A3F0B}.Release|Any CPU.ActiveCfg = Release|Any CPU
		{150F6BD9-B588-4B29-8436-DE56929A3F0B}.Release|Any CPU.Build.0 = Release|Any CPU
		{C3C2E460-5397-4483-A2CE-E50D28B759E1}.Debug|Any CPU.ActiveCfg = Debug|Any CPU
		{C3C2E460-5397-4483-A2CE-E50D28B759E1}.Debug|Any CPU.Build.0 = Debug|Any CPU
		{C3C2E460-5397-4483-A2CE-E50D28B759E1}.Release|Any CPU.ActiveCfg = Release|Any CPU
		{C3C2E460-5397-4483-A2CE-E50D28B759E1}.Release|Any CPU.Build.0 = Release|Any CPU
	EndGlobalSection
	GlobalSection(SolutionProperties) = preSolution
		HideSolutionNode = FALSE
	EndGlobalSection
	GlobalSection(ExtensibilityGlobals) = postSolution
		SolutionGuid = {04BACA0B-B7B9-4272-BDE6-8C003250021E}
	EndGlobalSection
EndGlobal
