
Microsoft Visual Studio Solution File, Format Version 12.00
# Visual Studio Version 17
VisualStudioVersion = 17.4.33103.184
MinimumVisualStudioVersion = 10.0.40219.1
Project("{9A19103F-16F7-4668-BE54-9A1E7A4F7556}") = "SqliteDna", "SqliteDna\SqliteDna.csproj", "{39AE1DA5-EFD6-49AD-B899-EFE41B3FAA96}"
EndProject
Project("{9A19103F-16F7-4668-BE54-9A1E7A4F7556}") = "TestDNNE", "TestDNNE\TestDNNE.csproj", "{C1B43102-9652-4B3F-BB3D-CCE91B11DCD9}"
EndProject
Project("{9A19103F-16F7-4668-BE54-9A1E7A4F7556}") = "SqliteDna.SourceGenerator", "SqliteDna.SourceGenerator\SqliteDna.SourceGenerator.csproj", "{150F6BD9-B588-4B29-8436-DE56929A3F0B}"
EndProject
Project("{9A19103F-16F7-4668-BE54-9A1E7A4F7556}") = "SqliteDna.Integration", "SqliteDna.Integration\SqliteDna.Integration.csproj", "{C3C2E460-5397-4483-A2CE-E50D28B759E1}"
EndProject
Project("{9A19103F-16F7-4668-BE54-9A1E7A4F7556}") = "TestAOT", "TestAOT\TestAOT.csproj", "{8765DE89-B8D0-425A-961B-147D299A71C3}"
EndProject
Project("{9A19103F-16F7-4668-BE54-9A1E7A4F7556}") = "TestDNNETarget", "TestDNNETarget\TestDNNETarget.csproj", "{CF29F54D-095E-48BB-9698-719DF5A68E3B}"
EndProject
Project("{9A19103F-16F7-4668-BE54-9A1E7A4F7556}") = "TestAOTTarget", "TestAOTTarget\TestAOTTarget.csproj", "{0EBDBCDE-74D3-493A-8C74-8943A6F6AC45}"
EndProject
Project("{FAE04EC0-301F-11D3-BF4B-00C04F79EFBC}") = "TestIntergration", "TestIntergration\TestIntergration.csproj", "{3EB3984B-A054-41DF-8729-4F1E19A2318C}"
EndProject
Global
	GlobalSection(SolutionConfigurationPlatforms) = preSolution
		Debug|Any CPU = Debug|Any CPU
		Release|Any CPU = Release|Any CPU
	EndGlobalSection
	GlobalSection(ProjectConfigurationPlatforms) = postSolution
		{39AE1DA5-EFD6-49AD-B899-EFE41B3FAA96}.Debug|Any CPU.ActiveCfg = Debug|Any CPU
		{39AE1DA5-EFD6-49AD-B899-EFE41B3FAA96}.Debug|Any CPU.Build.0 = Debug|Any CPU
		{39AE1DA5-EFD6-49AD-B899-EFE41B3FAA96}.Release|Any CPU.ActiveCfg = Release|Any CPU
		{39AE1DA5-EFD6-49AD-B899-EFE41B3FAA96}.Release|Any CPU.Build.0 = Release|Any CPU
		{C1B43102-9652-4B3F-BB3D-CCE91B11DCD9}.Debug|Any CPU.ActiveCfg = Debug|Any CPU
		{C1B43102-9652-4B3F-BB3D-CCE91B11DCD9}.Debug|Any CPU.Build.0 = Debug|Any CPU
		{C1B43102-9652-4B3F-BB3D-CCE91B11DCD9}.Release|Any CPU.ActiveCfg = Release|Any CPU
		{C1B43102-9652-4B3F-BB3D-CCE91B11DCD9}.Release|Any CPU.Build.0 = Release|Any CPU
		{150F6BD9-B588-4B29-8436-DE56929A3F0B}.Debug|Any CPU.ActiveCfg = Debug|Any CPU
		{150F6BD9-B588-4B29-8436-DE56929A3F0B}.Debug|Any CPU.Build.0 = Debug|Any CPU
		{150F6BD9-B588-4B29-8436-DE56929A3F0B}.Release|Any CPU.ActiveCfg = Release|Any CPU
		{150F6BD9-B588-4B29-8436-DE56929A3F0B}.Release|Any CPU.Build.0 = Release|Any CPU
		{C3C2E460-5397-4483-A2CE-E50D28B759E1}.Debug|Any CPU.ActiveCfg = Debug|Any CPU
		{C3C2E460-5397-4483-A2CE-E50D28B759E1}.Debug|Any CPU.Build.0 = Debug|Any CPU
		{C3C2E460-5397-4483-A2CE-E50D28B759E1}.Release|Any CPU.ActiveCfg = Release|Any CPU
		{C3C2E460-5397-4483-A2CE-E50D28B759E1}.Release|Any CPU.Build.0 = Release|Any CPU
		{8765DE89-B8D0-425A-961B-147D299A71C3}.Debug|Any CPU.ActiveCfg = Debug|Any CPU
		{8765DE89-B8D0-425A-961B-147D299A71C3}.Debug|Any CPU.Build.0 = Debug|Any CPU
		{8765DE89-B8D0-425A-961B-147D299A71C3}.Release|Any CPU.ActiveCfg = Release|Any CPU
		{8765DE89-B8D0-425A-961B-147D299A71C3}.Release|Any CPU.Build.0 = Release|Any CPU
		{CF29F54D-095E-48BB-9698-719DF5A68E3B}.Debug|Any CPU.ActiveCfg = Debug|Any CPU
		{CF29F54D-095E-48BB-9698-719DF5A68E3B}.Debug|Any CPU.Build.0 = Debug|Any CPU
		{CF29F54D-095E-48BB-9698-719DF5A68E3B}.Release|Any CPU.ActiveCfg = Release|Any CPU
		{CF29F54D-095E-48BB-9698-719DF5A68E3B}.Release|Any CPU.Build.0 = Release|Any CPU
		{0EBDBCDE-74D3-493A-8C74-8943A6F6AC45}.Debug|Any CPU.ActiveCfg = Debug|Any CPU
		{0EBDBCDE-74D3-493A-8C74-8943A6F6AC45}.Debug|Any CPU.Build.0 = Debug|Any CPU
		{0EBDBCDE-74D3-493A-8C74-8943A6F6AC45}.Release|Any CPU.ActiveCfg = Release|Any CPU
		{0EBDBCDE-74D3-493A-8C74-8943A6F6AC45}.Release|Any CPU.Build.0 = Release|Any CPU
		{3EB3984B-A054-41DF-8729-4F1E19A2318C}.Debug|Any CPU.ActiveCfg = Debug|Any CPU
		{3EB3984B-A054-41DF-8729-4F1E19A2318C}.Debug|Any CPU.Build.0 = Debug|Any CPU
		{3EB3984B-A054-41DF-8729-4F1E19A2318C}.Release|Any CPU.ActiveCfg = Release|Any CPU
		{3EB3984B-A054-41DF-8729-4F1E19A2318C}.Release|Any CPU.Build.0 = Release|Any CPU
	EndGlobalSection
	GlobalSection(SolutionProperties) = preSolution
		HideSolutionNode = FALSE
	EndGlobalSection
	GlobalSection(ExtensibilityGlobals) = postSolution
		SolutionGuid = {04BACA0B-B7B9-4272-BDE6-8C003250021E}
	EndGlobalSection
EndGlobal
